
Microsoft Visual Studio Solution File, Format Version 12.00
# Visual Studio Version 16
VisualStudioVersion = 16.0.31729.503
MinimumVisualStudioVersion = 10.0.40219.1
Project("{FAE04EC0-301F-11D3-BF4B-00C04F79EFBC}") = "Awari.Android", "Awari\Awari.Android\Awari.Android.csproj", "{ACD2177C-1301-4107-B538-833AC2FD6A6C}"
EndProject
Project("{9A19103F-16F7-4668-BE54-9A1E7A4F7556}") = "Awari", "Awari\Awari\Awari.csproj", "{CF8E2901-2DD9-4373-862B-328BF2EF3261}"
EndProject
Project("{FAE04EC0-301F-11D3-BF4B-00C04F79EFBC}") = "AwariTest", "AwariTest\AwariTest.csproj", "{983823D4-99E6-4C37-BDF4-EF6C2F08B481}"
EndProject
Global
	GlobalSection(SolutionConfigurationPlatforms) = preSolution
		Debug|Any CPU = Debug|Any CPU
		Release|Any CPU = Release|Any CPU
	EndGlobalSection
	GlobalSection(ProjectConfigurationPlatforms) = postSolution
		{ACD2177C-1301-4107-B538-833AC2FD6A6C}.Debug|Any CPU.ActiveCfg = Debug|Any CPU
		{ACD2177C-1301-4107-B538-833AC2FD6A6C}.Debug|Any CPU.Build.0 = Debug|Any CPU
		{ACD2177C-1301-4107-B538-833AC2FD6A6C}.Debug|Any CPU.Deploy.0 = Debug|Any CPU
		{ACD2177C-1301-4107-B538-833AC2FD6A6C}.Release|Any CPU.ActiveCfg = Release|Any CPU
		{ACD2177C-1301-4107-B538-833AC2FD6A6C}.Release|Any CPU.Build.0 = Release|Any CPU
		{ACD2177C-1301-4107-B538-833AC2FD6A6C}.Release|Any CPU.Deploy.0 = Release|Any CPU
		{CF8E2901-2DD9-4373-862B-328BF2EF3261}.Debug|Any CPU.ActiveCfg = Debug|Any CPU
		{CF8E2901-2DD9-4373-862B-328BF2EF3261}.Debug|Any CPU.Build.0 = Debug|Any CPU
		{CF8E2901-2DD9-4373-862B-328BF2EF3261}.Debug|Any CPU.Deploy.0 = Debug|Any CPU
		{CF8E2901-2DD9-4373-862B-328BF2EF3261}.Release|Any CPU.ActiveCfg = Release|Any CPU
		{CF8E2901-2DD9-4373-862B-328BF2EF3261}.Release|Any CPU.Build.0 = Release|Any CPU
		{CF8E2901-2DD9-4373-862B-328BF2EF3261}.Release|Any CPU.Deploy.0 = Release|Any CPU
		{983823D4-99E6-4C37-BDF4-EF6C2F08B481}.Debug|Any CPU.ActiveCfg = Debug|Any CPU
		{983823D4-99E6-4C37-BDF4-EF6C2F08B481}.Debug|Any CPU.Build.0 = Debug|Any CPU
		{983823D4-99E6-4C37-BDF4-EF6C2F08B481}.Release|Any CPU.ActiveCfg = Release|Any CPU
		{983823D4-99E6-4C37-BDF4-EF6C2F08B481}.Release|Any CPU.Build.0 = Release|Any CPU
	EndGlobalSection
	GlobalSection(SolutionProperties) = preSolution
		HideSolutionNode = FALSE
	EndGlobalSection
	GlobalSection(ExtensibilityGlobals) = postSolution
		SolutionGuid = {F58A16D7-AABA-41E2-A6D1-EA874F435BF5}
	EndGlobalSection
EndGlobal
